// !$*UTF8*$!
{
	archiveVersion = 1;
	classes = {
	};
	objectVersion = 48;
	objects = {

/* Begin PBXBuildFile section */
		E2250AC5205CFAF8007B355A /* AppDelegate.m in Sources */ = {isa = PBXBuildFile; fileRef = E2250AC4205CFAF8007B355A /* AppDelegate.m */; };
		E2250AC7205CFAF8007B355A /* Assets.xcassets in Resources */ = {isa = PBXBuildFile; fileRef = E2250AC6205CFAF8007B355A /* Assets.xcassets */; };
		E2250ACA205CFAF8007B355A /* MainMenu.xib in Resources */ = {isa = PBXBuildFile; fileRef = E2250AC8205CFAF8007B355A /* MainMenu.xib */; };
		E2250ACD205CFAF8007B355A /* main.m in Sources */ = {isa = PBXBuildFile; fileRef = E2250ACC205CFAF8007B355A /* main.m */; };
/* End PBXBuildFile section */

/* Begin PBXFileReference section */
		E2250AC0205CFAF8007B355A /* Full Screen.app */ = {isa = PBXFileReference; explicitFileType = wrapper.application; includeInIndex = 0; path = "Full Screen.app"; sourceTree = BUILT_PRODUCTS_DIR; };
		E2250AC3205CFAF8007B355A /* AppDelegate.h */ = {isa = PBXFileReference; lastKnownFileType = sourcecode.c.h; path = AppDelegate.h; sourceTree = "<group>"; };
		E2250AC4205CFAF8007B355A /* AppDelegate.m */ = {isa = PBXFileReference; lastKnownFileType = sourcecode.c.objc; path = AppDelegate.m; sourceTree = "<group>"; };
		E2250AC6205CFAF8007B355A /* Assets.xcassets */ = {isa = PBXFileReference; lastKnownFileType = folder.assetcatalog; path = Assets.xcassets; sourceTree = "<group>"; };
		E2250AC9205CFAF8007B355A /* Base */ = {isa = PBXFileReference; lastKnownFileType = file.xib; name = Base; path = Base.lproj/MainMenu.xib; sourceTree = "<group>"; };
		E2250ACB205CFAF8007B355A /* Info.plist */ = {isa = PBXFileReference; lastKnownFileType = text.plist.xml; path = Info.plist; sourceTree = "<group>"; };
		E2250ACC205CFAF8007B355A /* main.m */ = {isa = PBXFileReference; lastKnownFileType = sourcecode.c.objc; path = main.m; sourceTree = "<group>"; };
		E2250ACE205CFAF8007B355A /* Full_Screen.entitlements */ = {isa = PBXFileReference; lastKnownFileType = text.plist.entitlements; path = Full_Screen.entitlements; sourceTree = "<group>"; };
/* End PBXFileReference section */

/* Begin PBXFrameworksBuildPhase section */
		E2250ABD205CFAF8007B355A /* Frameworks */ = {
			isa = PBXFrameworksBuildPhase;
			buildActionMask = 2147483647;
			files = (
			);
			runOnlyForDeploymentPostprocessing = 0;
		};
/* End PBXFrameworksBuildPhase section */

/* Begin PBXGroup section */
		E2250AB7205CFAF8007B355A = {
			isa = PBXGroup;
			children = (
				E2250AC2205CFAF8007B355A /* Full Screen */,
				E2250AC1205CFAF8007B355A /* Products */,
			);
			sourceTree = "<group>";
		};
		E2250AC1205CFAF8007B355A /* Products */ = {
			isa = PBXGroup;
			children = (
				E2250AC0205CFAF8007B355A /* Full Screen.app */,
			);
			name = Products;
			sourceTree = "<group>";
		};
		E2250AC2205CFAF8007B355A /* Full Screen */ = {
			isa = PBXGroup;
			children = (
				E2250AC3205CFAF8007B355A /* AppDelegate.h */,
				E2250AC4205CFAF8007B355A /* AppDelegate.m */,
				E2250AC6205CFAF8007B355A /* Assets.xcassets */,
				E2250AC8205CFAF8007B355A /* MainMenu.xib */,
				E2250ACB205CFAF8007B355A /* Info.plist */,
				E2250ACC205CFAF8007B355A /* main.m */,
				E2250ACE205CFAF8007B355A /* Full_Screen.entitlements */,
			);
			path = "Full Screen";
			sourceTree = "<group>";
		};
/* End PBXGroup section */

/* Begin PBXNativeTarget section */
		E2250ABF205CFAF8007B355A /* Full Screen */ = {
			isa = PBXNativeTarget;
			buildConfigurationList = E2250AD1205CFAF8007B355A /* Build configuration list for PBXNativeTarget "Full Screen" */;
			buildPhases = (
				E2250ABC205CFAF8007B355A /* Sources */,
				E2250ABD205CFAF8007B355A /* Frameworks */,
				E2250ABE205CFAF8007B355A /* Resources */,
			);
			buildRules = (
			);
			dependencies = (
			);
			name = "Full Screen";
			productName = "Full Screen";
			productReference = E2250AC0205CFAF8007B355A /* Full Screen.app */;
			productType = "com.apple.product-type.application";
		};
/* End PBXNativeTarget section */

/* Begin PBXProject section */
		E2250AB8205CFAF8007B355A /* Project object */ = {
			isa = PBXProject;
			attributes = {
				LastUpgradeCheck = 0920;
				ORGANIZATIONNAME = Alonso;
				TargetAttributes = {
					E2250ABF205CFAF8007B355A = {
						CreatedOnToolsVersion = 9.2;
						ProvisioningStyle = Automatic;
					};
				};
			};
			buildConfigurationList = E2250ABB205CFAF8007B355A /* Build configuration list for PBXProject "Full Screen" */;
			compatibilityVersion = "Xcode 8.0";
			developmentRegion = en;
			hasScannedForEncodings = 0;
			knownRegions = (
				en,
				Base,
			);
			mainGroup = E2250AB7205CFAF8007B355A;
			productRefGroup = E2250AC1205CFAF8007B355A /* Products */;
			projectDirPath = "";
			projectRoot = "";
			targets = (
				E2250ABF205CFAF8007B355A /* Full Screen */,
			);
		};
/* End PBXProject section */

/* Begin PBXResourcesBuildPhase section */
		E2250ABE205CFAF8007B355A /* Resources */ = {
			isa = PBXResourcesBuildPhase;
			buildActionMask = 2147483647;
			files = (
				E2250AC7205CFAF8007B355A /* Assets.xcassets in Resources */,
				E2250ACA205CFAF8007B355A /* MainMenu.xib in Resources */,
			);
			runOnlyForDeploymentPostprocessing = 0;
		};
/* End PBXResourcesBuildPhase section */

/* Begin PBXSourcesBuildPhase section */
		E2250ABC205CFAF8007B355A /* Sources */ = {
			isa = PBXSourcesBuildPhase;
			buildActionMask = 2147483647;
			files = (
				E2250ACD205CFAF8007B355A /* main.m in Sources */,
				E2250AC5205CFAF8007B355A /* AppDelegate.m in Sources */,
			);
			runOnlyForDeploymentPostprocessing = 0;
		};
/* End PBXSourcesBuildPhase section */

/* Begin PBXVariantGroup section */
		E2250AC8205CFAF8007B355A /* MainMenu.xib */ = {
			isa = PBXVariantGroup;
			children = (
				E2250AC9205CFAF8007B355A /* Base */,
			);
			name = MainMenu.xib;
			sourceTree = "<group>";
		};
/* End PBXVariantGroup section */

/* Begin XCBuildConfiguration section */
		E2250ACF205CFAF8007B355A /* Debug */ = {
			isa = XCBuildConfiguration;
			buildSettings = {
				ALWAYS_SEARCH_USER_PATHS = NO;
				CLANG_ANALYZER_NONNULL = YES;
				CLANG_ANALYZER_NUMBER_OBJECT_CONVERSION = YES_AGGRESSIVE;
				CLANG_CXX_LANGUAGE_STANDARD = "gnu++14";
				CLANG_CXX_LIBRARY = "libc++";
				CLANG_ENABLE_MODULES = YES;
				CLANG_ENABLE_OBJC_ARC = YES;
				CLANG_WARN_BLOCK_CAPTURE_AUTORELEASING = YES;
				CLANG_WARN_BOOL_CONVERSION = YES;
				CLANG_WARN_COMMA = YES;
				CLANG_WARN_CONSTANT_CONVERSION = YES;
				CLANG_WARN_DIRECT_OBJC_ISA_USAGE = YES_ERROR;
				CLANG_WARN_DOCUMENTATION_COMMENTS = YES;
				CLANG_WARN_EMPTY_BODY = YES;
				CLANG_WARN_ENUM_CONVERSION = YES;
				CLANG_WARN_INFINITE_RECURSION = YES;
				CLANG_WARN_INT_CONVERSION = YES;
				CLANG_WARN_NON_LITERAL_NULL_CONVERSION = YES;
				CLANG_WARN_OBJC_LITERAL_CONVERSION = YES;
				CLANG_WARN_OBJC_ROOT_CLASS = YES_ERROR;
				CLANG_WARN_RANGE_LOOP_ANALYSIS = YES;
				CLANG_WARN_STRICT_PROTOTYPES = YES;
				CLANG_WARN_SUSPICIOUS_MOVE = YES;
				CLANG_WARN_UNGUARDED_AVAILABILITY = YES_AGGRESSIVE;
				CLANG_WARN_UNREACHABLE_CODE = YES;
				CLANG_WARN__DUPLICATE_METHOD_MATCH = YES;
				CODE_SIGN_IDENTITY = "";
				COPY_PHASE_STRIP = NO;
				DEBUG_INFORMATION_FORMAT = dwarf;
				ENABLE_STRICT_OBJC_MSGSEND = YES;
				ENABLE_TESTABILITY = YES;
				GCC_C_LANGUAGE_STANDARD = gnu11;
				GCC_DYNAMIC_NO_PIC = NO;
				GCC_NO_COMMON_BLOCKS = YES;
				GCC_OPTIMIZATION_LEVEL = 0;
				GCC_PREPROCESSOR_DEFINITIONS = (
					"DEBUG=1",
					"$(inherited)",
				);
				GCC_WARN_64_TO_32_BIT_CONVERSION = YES;
				GCC_WARN_ABOUT_RETURN_TYPE = YES_ERROR;
				GCC_WARN_UNDECLARED_SELECTOR = YES;
				GCC_WARN_UNINITIALIZED_AUTOS = YES_AGGRESSIVE;
				GCC_WARN_UNUSED_FUNCTION = YES;
				GCC_WARN_UNUSED_VARIABLE = YES;
				MACOSX_DEPLOYMENT_TARGET = 10.13;
				MTL_ENABLE_DEBUG_INFO = YES;
				ONLY_ACTIVE_ARCH = YES;
				SDKROOT = macosx;
			};
			name = Debug;
		};
		E2250AD0205CFAF8007B355A /* Release */ = {
			isa = XCBuildConfiguration;
			buildSettings = {
				ALWAYS_SEARCH_USER_PATHS = NO;
				CLANG_ANALYZER_NONNULL = YES;
				CLANG_ANALYZER_NUMBER_OBJECT_CONVERSION = YES_AGGRESSIVE;
				CLANG_CXX_LANGUAGE_STANDARD = "gnu++14";
				CLANG_CXX_LIBRARY = "libc++";
				CLANG_ENABLE_MODULES = YES;
				CLANG_ENABLE_OBJC_ARC = YES;
				CLANG_WARN_BLOCK_CAPTURE_AUTORELEASING = YES;
				CLANG_WARN_BOOL_CONVERSION = YES;
				CLANG_WARN_COMMA = YES;
				CLANG_WARN_CONSTANT_CONVERSION = YES;
				CLANG_WARN_DIRECT_OBJC_ISA_USAGE = YES_ERROR;
				CLANG_WARN_DOCUMENTATION_COMMENTS = YES;
				CLANG_WARN_EMPTY_BODY = YES;
				CLANG_WARN_ENUM_CONVERSION = YES;
				CLANG_WARN_INFINITE_RECURSION = YES;
				CLANG_WARN_INT_CONVERSION = YES;
				CLANG_WARN_NON_LITERAL_NULL_CONVERSION = YES;
				CLANG_WARN_OBJC_LITERAL_CONVERSION = YES;
				CLANG_WARN_OBJC_ROOT_CLASS = YES_ERROR;
				CLANG_WARN_RANGE_LOOP_ANALYSIS = YES;
				CLANG_WARN_STRICT_PROTOTYPES = YES;
				CLANG_WARN_SUSPICIOUS_MOVE = YES;
				CLANG_WARN_UNGUARDED_AVAILABILITY = YES_AGGRESSIVE;
				CLANG_WARN_UNREACHABLE_CODE = YES;
				CLANG_WARN__DUPLICATE_METHOD_MATCH = YES;
				CODE_SIGN_IDENTITY = "";
				COPY_PHASE_STRIP = NO;
				DEBUG_INFORMATION_FORMAT = "dwarf-with-dsym";
				ENABLE_NS_ASSERTIONS = NO;
				ENABLE_STRICT_OBJC_MSGSEND = YES;
				GCC_C_LANGUAGE_STANDARD = gnu11;
				GCC_NO_COMMON_BLOCKS = YES;
				GCC_WARN_64_TO_32_BIT_CONVERSION = YES;
				GCC_WARN_ABOUT_RETURN_TYPE = YES_ERROR;
				GCC_WARN_UNDECLARED_SELECTOR = YES;
				GCC_WARN_UNINITIALIZED_AUTOS = YES_AGGRESSIVE;
				GCC_WARN_UNUSED_FUNCTION = YES;
				GCC_WARN_UNUSED_VARIABLE = YES;
				MACOSX_DEPLOYMENT_TARGET = 10.13;
				MTL_ENABLE_DEBUG_INFO = NO;
				SDKROOT = macosx;
			};
			name = Release;
		};
		E2250AD2205CFAF8007B355A /* Debug */ = {
			isa = XCBuildConfiguration;
			buildSettings = {
				ASSETCATALOG_COMPILER_APPICON_NAME = AppIcon;
				CODE_SIGN_ENTITLEMENTS = "Full Screen/Full_Screen.entitlements";
				CODE_SIGN_STYLE = Automatic;
				COMBINE_HIDPI_IMAGES = YES;
				DEVELOPMENT_TEAM = 8LP5KW6GHL;
				INFOPLIST_FILE = "Full Screen/Info.plist";
				LD_RUNPATH_SEARCH_PATHS = "$(inherited) @executable_path/../Frameworks";
				PRODUCT_BUNDLE_IDENTIFIER = "tech.zhangwu.Full-Screen";
				PRODUCT_NAME = "$(TARGET_NAME)";
			};
			name = Debug;
		};
		E2250AD3205CFAF8007B355A /* Release */ = {
			isa = XCBuildConfiguration;
			buildSettings = {
				ASSETCATALOG_COMPILER_APPICON_NAME = AppIcon;
				CODE_SIGN_ENTITLEMENTS = "Full Screen/Full_Screen.entitlements";
				CODE_SIGN_STYLE = Automatic;
				COMBINE_HIDPI_IMAGES = YES;
				DEVELOPMENT_TEAM = 8LP5KW6GHL;
				INFOPLIST_FILE = "Full Screen/Info.plist";
				LD_RUNPATH_SEARCH_PATHS = "$(inherited) @executable_path/../Frameworks";
				PRODUCT_BUNDLE_IDENTIFIER = "tech.zhangwu.Full-Screen";
				PRODUCT_NAME = "$(TARGET_NAME)";
			};
			name = Release;
		};
/* End XCBuildConfiguration section */

/* Begin XCConfigurationList section */
		E2250ABB205CFAF8007B355A /* Build configuration list for PBXProject "Full Screen" */ = {
			isa = XCConfigurationList;
			buildConfigurations = (
				E2250ACF205CFAF8007B355A /* Debug */,
				E2250AD0205CFAF8007B355A /* Release */,
			);
			defaultConfigurationIsVisible = 0;
			defaultConfigurationName = Release;
		};
		E2250AD1205CFAF8007B355A /* Build configuration list for PBXNativeTarget "Full Screen" */ = {
			isa = XCConfigurationList;
			buildConfigurations = (
				E2250AD2205CFAF8007B355A /* Debug */,
				E2250AD3205CFAF8007B355A /* Release */,
			);
			defaultConfigurationIsVisible = 0;
			defaultConfigurationName = Release;
		};
/* End XCConfigurationList section */
	};
	rootObject = E2250AB8205CFAF8007B355A /* Project object */;
}
